{
  "version": 4,
  "terraform_version": "0.12.9",
  "serial": 66,
  "lineage": "76896dbe-60f0-e1c4-1014-f390137c3759",
  "outputs": {},
  "resources": [
    {
      "mode": "data",
      "type": "aws_availability_zones",
      "name": "available",
      "provider": "provider.aws",
      "instances": [
        {
          "schema_version": 0,
          "attributes": {
            "blacklisted_names": null,
            "blacklisted_zone_ids": null,
            "id": "2019-10-02 14:19:44.4252321 +0000 UTC",
            "names": [
              "eu-central-1a",
              "eu-central-1b",
              "eu-central-1c"
            ],
            "state": "available",
            "zone_ids": [
              "euc1-az2",
              "euc1-az3",
              "euc1-az1"
            ]
          }
        }
      ]
    },
    {
      "module": "module.database",
      "mode": "managed",
      "type": "aws_launch_template",
      "name": "instance",
      "provider": "provider.aws",
      "instances": [
        {
          "schema_version": 0,
          "attributes": {
            "arn": "arn:aws:ec2:eu-central-1:319978541095:launch-template/lt-0bbf93b52fc697353",
            "block_device_mappings": [
              {
                "device_name": "/dev/sda1",
                "ebs": [
                  {
                    "delete_on_termination": "true",
                    "encrypted": "false",
                    "iops": 0,
                    "kms_key_id": "",
                    "snapshot_id": "",
                    "volume_size": 15,
                    "volume_type": ""
                  }
                ],
                "no_device": "",
                "virtual_name": ""
              }
            ],
            "capacity_reservation_specification": [],
            "credit_specification": [],
            "default_version": 1,
            "description": "",
            "disable_api_termination": true,
            "ebs_optimized": "",
            "elastic_gpu_specifications": [],
            "elastic_inference_accelerator": [],
            "iam_instance_profile": [],
            "id": "lt-0bbf93b52fc697353",
            "image_id": "ami-0ac05733838eabc06",
            "instance_initiated_shutdown_behavior": "stop",
            "instance_market_options": [],
            "instance_type": "t2.micro",
            "kernel_id": "",
            "key_name": "EC2_Linux_CI_Server",
            "latest_version": 3,
            "license_specification": [],
            "monitoring": [
              {
                "enabled": false
              }
            ],
            "name": "database",
            "name_prefix": null,
            "network_interfaces": [
              {
                "associate_public_ip_address": true,
                "delete_on_termination": true,
                "description": "Primary network interface",
                "device_index": 0,
                "ipv4_address_count": 0,
                "ipv4_addresses": [],
                "ipv6_address_count": 0,
                "ipv6_addresses": [],
                "network_interface_id": "",
                "private_ip_address": "",
                "security_groups": [],
                "subnet_id": ""
              }
            ],
            "placement": [
              {
                "affinity": "",
                "availability_zone": "eu-central-1a",
                "group_name": "",
                "host_id": "",
                "spread_domain": "",
                "tenancy": ""
              }
            ],
            "ram_disk_id": "",
            "security_group_names": [],
            "tag_specifications": [],
            "tags": {},
            "user_data": "",
            "vpc_security_group_ids": []
          },
          "private": "bnVsbA=="
        }
      ]
    },
    {
      "module": "module.jenkins",
      "mode": "managed",
      "type": "aws_launch_template",
      "name": "instance",
      "provider": "provider.aws",
      "instances": [
        {
          "schema_version": 0,
          "attributes": {
            "arn": "arn:aws:ec2:eu-central-1:319978541095:launch-template/lt-040bff36927efad5f",
            "block_device_mappings": [
              {
                "device_name": "/dev/sda1",
                "ebs": [
                  {
                    "delete_on_termination": "true",
                    "encrypted": "false",
                    "iops": 0,
                    "kms_key_id": "",
                    "snapshot_id": "",
                    "volume_size": 15,
                    "volume_type": ""
                  }
                ],
                "no_device": "",
                "virtual_name": ""
              }
            ],
            "capacity_reservation_specification": [],
            "credit_specification": [],
            "default_version": 1,
            "description": "",
            "disable_api_termination": true,
            "ebs_optimized": "",
            "elastic_gpu_specifications": [],
            "elastic_inference_accelerator": [],
            "iam_instance_profile": [],
            "id": "lt-040bff36927efad5f",
            "image_id": "ami-0ac05733838eabc06",
            "instance_initiated_shutdown_behavior": "stop",
            "instance_market_options": [],
            "instance_type": "t2.micro",
            "kernel_id": "",
            "key_name": "EC2_Linux_CI_Server",
            "latest_version": 3,
            "license_specification": [],
            "monitoring": [
              {
                "enabled": false
              }
            ],
            "name": "jenkins",
            "name_prefix": null,
            "network_interfaces": [
              {
                "associate_public_ip_address": true,
                "delete_on_termination": true,
                "description": "Primary network interface",
                "device_index": 0,
                "ipv4_address_count": 0,
                "ipv4_addresses": [],
                "ipv6_address_count": 0,
                "ipv6_addresses": [],
                "network_interface_id": "",
                "private_ip_address": "",
                "security_groups": [],
                "subnet_id": ""
              }
            ],
            "placement": [
              {
                "affinity": "",
                "availability_zone": "eu-central-1a",
                "group_name": "",
                "host_id": "",
                "spread_domain": "",
                "tenancy": ""
              }
            ],
            "ram_disk_id": "",
            "security_group_names": [],
            "tag_specifications": [],
            "tags": {},
            "user_data": "",
            "vpc_security_group_ids": []
          },
          "private": "bnVsbA=="
        }
      ]
    },
    {
      "module": "module.carts",
      "mode": "managed",
      "type": "aws_launch_template",
      "name": "instance",
      "provider": "provider.aws",
      "instances": [
        {
          "schema_version": 0,
          "attributes": {
            "arn": "arn:aws:ec2:eu-central-1:319978541095:launch-template/lt-040189673eeb0bc11",
            "block_device_mappings": [
              {
                "device_name": "/dev/sda1",
                "ebs": [
                  {
                    "delete_on_termination": "true",
                    "encrypted": "false",
                    "iops": 0,
                    "kms_key_id": "",
                    "snapshot_id": "",
                    "volume_size": 15,
                    "volume_type": ""
                  }
                ],
                "no_device": "",
                "virtual_name": ""
              }
            ],
            "capacity_reservation_specification": [],
            "credit_specification": [],
            "default_version": 1,
            "description": "",
            "disable_api_termination": true,
            "ebs_optimized": "",
            "elastic_gpu_specifications": [],
            "elastic_inference_accelerator": [],
            "iam_instance_profile": [],
            "id": "lt-040189673eeb0bc11",
            "image_id": "ami-0ac05733838eabc06",
            "instance_initiated_shutdown_behavior": "stop",
            "instance_market_options": [],
            "instance_type": "t2.micro",
            "kernel_id": "",
            "key_name": "EC2_Linux_CI_Server",
            "latest_version": 3,
            "license_specification": [],
            "monitoring": [
              {
                "enabled": false
              }
            ],
            "name": "carts",
            "name_prefix": null,
            "network_interfaces": [
              {
                "associate_public_ip_address": true,
                "delete_on_termination": true,
                "description": "Primary network interface",
                "device_index": 0,
                "ipv4_address_count": 0,
                "ipv4_addresses": [],
                "ipv6_address_count": 0,
                "ipv6_addresses": [],
                "network_interface_id": "",
                "private_ip_address": "",
                "security_groups": [],
                "subnet_id": ""
              }
            ],
            "placement": [
              {
                "affinity": "",
                "availability_zone": "eu-central-1a",
                "group_name": "",
                "host_id": "",
                "spread_domain": "",
                "tenancy": ""
              }
            ],
            "ram_disk_id": "",
            "security_group_names": [],
            "tag_specifications": [],
            "tags": {},
            "user_data": "",
            "vpc_security_group_ids": []
          },
          "private": "bnVsbA=="
        }
      ]
    }
  ]
}
